Microsoft Visual Studio Solution File, Format Version 12.00
# Visual Studio Version 17
VisualStudioVersion = 17.5.2.0
MinimumVisualStudioVersion = 10.0.40219.1
Project("{2150E333-8FDC-42A3-9474-1A3956D46DE8}") = "autonomous-driving-simulator", "autonomous-driving-simulator", "{5AD337B0-8027-4E6C-4428-8C3313C9E027}"
EndProject
Project("{FAE04EC0-301F-11D3-BF4B-00C04F79EFBC}") = "Assembly-CSharp", "autonomous-driving-simulator\Assembly-CSharp.csproj", "{87851D9C-3B43-41E8-72FC-FD4D313A22DA}"
EndProject
Project("{FAE04EC0-301F-11D3-BF4B-00C04F79EFBC}") = "GameScripts", "autonomous-driving-simulator\GameScripts.csproj", "{FC91F08C-B336-432F-DB22-56BA8CDB4826}"
EndProject
Project("{FAE04EC0-301F-11D3-BF4B-00C04F79EFBC}") = "Assembly-CSharp-Editor", "autonomous-driving-simulator\Assembly-CSharp-Editor.csproj", "{3F763A7B-08D4-D084-348C-F7283CE1C75D}"
EndProject
Project("{FAE04EC0-301F-11D3-BF4B-00C04F79EFBC}") = "Tests", "autonomous-driving-simulator\Tests.csproj", "{266F10D2-27CB-05A7-48DA-EFB8B1E2E093}"
EndProject
Global
	GlobalSection(SolutionConfigurationPlatforms) = preSolution
		Debug|Any CPU = Debug|Any CPU
		Release|Any CPU = Release|Any CPU
	EndGlobalSection
	GlobalSection(ProjectConfigurationPlatforms) = postSolution
		{87851D9C-3B43-41E8-72FC-FD4D313A22DA}.Debug|Any CPU.ActiveCfg = Debug|Any CPU
		{87851D9C-3B43-41E8-72FC-FD4D313A22DA}.Debug|Any CPU.Build.0 = Debug|Any CPU
		{87851D9C-3B43-41E8-72FC-FD4D313A22DA}.Release|Any CPU.ActiveCfg = Release|Any CPU
		{87851D9C-3B43-41E8-72FC-FD4D313A22DA}.Release|Any CPU.Build.0 = Release|Any CPU
		{FC91F08C-B336-432F-DB22-56BA8CDB4826}.Debug|Any CPU.ActiveCfg = Debug|Any CPU
		{FC91F08C-B336-432F-DB22-56BA8CDB4826}.Debug|Any CPU.Build.0 = Debug|Any CPU
		{FC91F08C-B336-432F-DB22-56BA8CDB4826}.Release|Any CPU.ActiveCfg = Release|Any CPU
		{FC91F08C-B336-432F-DB22-56BA8CDB4826}.Release|Any CPU.Build.0 = Release|Any CPU
		{3F763A7B-08D4-D084-348C-F7283CE1C75D}.Debug|Any CPU.ActiveCfg = Debug|Any CPU
		{3F763A7B-08D4-D084-348C-F7283CE1C75D}.Debug|Any CPU.Build.0 = Debug|Any CPU
		{3F763A7B-08D4-D084-348C-F7283CE1C75D}.Release|Any CPU.ActiveCfg = Release|Any CPU
		{3F763A7B-08D4-D084-348C-F7283CE1C75D}.Release|Any CPU.Build.0 = Release|Any CPU
		{266F10D2-27CB-05A7-48DA-EFB8B1E2E093}.Debug|Any CPU.ActiveCfg = Debug|Any CPU
		{266F10D2-27CB-05A7-48DA-EFB8B1E2E093}.Debug|Any CPU.Build.0 = Debug|Any CPU
		{266F10D2-27CB-05A7-48DA-EFB8B1E2E093}.Release|Any CPU.ActiveCfg = Release|Any CPU
		{266F10D2-27CB-05A7-48DA-EFB8B1E2E093}.Release|Any CPU.Build.0 = Release|Any CPU
	EndGlobalSection
	GlobalSection(SolutionProperties) = preSolution
		HideSolutionNode = FALSE
	EndGlobalSection
	GlobalSection(NestedProjects) = preSolution
		{87851D9C-3B43-41E8-72FC-FD4D313A22DA} = {5AD337B0-8027-4E6C-4428-8C3313C9E027}
		{FC91F08C-B336-432F-DB22-56BA8CDB4826} = {5AD337B0-8027-4E6C-4428-8C3313C9E027}
		{3F763A7B-08D4-D084-348C-F7283CE1C75D} = {5AD337B0-8027-4E6C-4428-8C3313C9E027}
		{266F10D2-27CB-05A7-48DA-EFB8B1E2E093} = {5AD337B0-8027-4E6C-4428-8C3313C9E027}
	EndGlobalSection
	GlobalSection(ExtensibilityGlobals) = postSolution
		SolutionGuid = {F312161B-D116-4230-95D9-B22AC3DF17BC}
	EndGlobalSection
EndGlobal
